// !$*UTF8*$!
{
	archiveVersion = 1;
	classes = {
	};
	objectVersion = 46;
	objects = {

/* Begin PBXBuildFile section */
		93299DA318EBEA2700D8E660 /* Foundation.framework in Frameworks */ = {isa = PBXBuildFile; fileRef = 93299DA218EBEA2700D8E660 /* Foundation.framework */; };
		93299DA518EBEA2700D8E660 /* CoreGraphics.framework in Frameworks */ = {isa = PBXBuildFile; fileRef = 93299DA418EBEA2700D8E660 /* CoreGraphics.framework */; };
		93299DA718EBEA2700D8E660 /* UIKit.framework in Frameworks */ = {isa = PBXBuildFile; fileRef = 93299DA618EBEA2700D8E660 /* UIKit.framework */; };
		93299DAD18EBEA2700D8E660 /* InfoPlist.strings in Resources */ = {isa = PBXBuildFile; fileRef = 93299DAB18EBEA2700D8E660 /* InfoPlist.strings */; };
		93299DAF18EBEA2700D8E660 /* main.m in Sources */ = {isa = PBXBuildFile; fileRef = 93299DAE18EBEA2700D8E660 /* main.m */; };
		93299DB318EBEA2700D8E660 /* AppDelegate.m in Sources */ = {isa = PBXBuildFile; fileRef = 93299DB218EBEA2700D8E660 /* AppDelegate.m */; };
		93299DB618EBEA2700D8E660 /* Main.storyboard in Resources */ = {isa = PBXBuildFile; fileRef = 93299DB418EBEA2700D8E660 /* Main.storyboard */; };
		93299DB918EBEA2700D8E660 /* ViewController.m in Sources */ = {isa = PBXBuildFile; fileRef = 93299DB818EBEA2700D8E660 /* ViewController.m */; };
		93299DBB18EBEA2700D8E660 /* Images.xcassets in Resources */ = {isa = PBXBuildFile; fileRef = 93299DBA18EBEA2700D8E660 /* Images.xcassets */; };
		93299DC218EBEA2700D8E660 /* XCTest.framework in Frameworks */ = {isa = PBXBuildFile; fileRef = 93299DC118EBEA2700D8E660 /* XCTest.framework */; };
		93299DC318EBEA2700D8E660 /* Foundation.framework in Frameworks */ = {isa = PBXBuildFile; fileRef = 93299DA218EBEA2700D8E660 /* Foundation.framework */; };
		93299DC418EBEA2700D8E660 /* UIKit.framework in Frameworks */ = {isa = PBXBuildFile; fileRef = 93299DA618EBEA2700D8E660 /* UIKit.framework */; };
		93299DCC18EBEA2700D8E660 /* InfoPlist.strings in Resources */ = {isa = PBXBuildFile; fileRef = 93299DCA18EBEA2700D8E660 /* InfoPlist.strings */; };
		93299DCE18EBEA2700D8E660 /* Coach_MarksTests.m in Sources */ = {isa = PBXBuildFile; fileRef = 93299DCD18EBEA2700D8E660 /* Coach_MarksTests.m */; };
		935EE4C418F07520001F039E /* DDBubble.m in Sources */ = {isa = PBXBuildFile; fileRef = 935EE4BF18F07520001F039E /* DDBubble.m */; };
		935EE4C518F07520001F039E /* DDCircleView.m in Sources */ = {isa = PBXBuildFile; fileRef = 935EE4C118F07520001F039E /* DDCircleView.m */; };
		935EE4C618F07520001F039E /* DDCoachMarksView.m in Sources */ = {isa = PBXBuildFile; fileRef = 935EE4C318F07520001F039E /* DDCoachMarksView.m */; };
/* End PBXBuildFile section */

/* Begin PBXContainerItemProxy section */
		93299DC518EBEA2700D8E660 /* PBXContainerItemProxy */ = {
			isa = PBXContainerItemProxy;
			containerPortal = 93299D9718EBEA2600D8E660 /* Project object */;
			proxyType = 1;
			remoteGlobalIDString = 93299D9E18EBEA2600D8E660;
			remoteInfo = "Coach Marks";
		};
/* End PBXContainerItemProxy section */

/* Begin PBXFileReference section */
		93299D9F18EBEA2600D8E660 /* Coach Marks.app */ = {isa = PBXFileReference; explicitFileType = wrapper.application; includeInIndex = 0; path = "Coach Marks.app"; sourceTree = BUILT_PRODUCTS_DIR; };
		93299DA218EBEA2700D8E660 /* Foundation.framework */ = {isa = PBXFileReference; lastKnownFileType = wrapper.framework; name = Foundation.framework; path = System/Library/Frameworks/Foundation.framework; sourceTree = SDKROOT; };
		93299DA418EBEA2700D8E660 /* CoreGraphics.framework */ = {isa = PBXFileReference; lastKnownFileType = wrapper.framework; name = CoreGraphics.framework; path = System/Library/Frameworks/CoreGraphics.framework; sourceTree = SDKROOT; };
		93299DA618EBEA2700D8E660 /* UIKit.framework */ = {isa = PBXFileReference; lastKnownFileType = wrapper.framework; name = UIKit.framework; path = System/Library/Frameworks/UIKit.framework; sourceTree = SDKROOT; };
		93299DAA18EBEA2700D8E660 /* Coach Marks-Info.plist */ = {isa = PBXFileReference; lastKnownFileType = text.plist.xml; path = "Coach Marks-Info.plist"; sourceTree = "<group>"; };
		93299DAC18EBEA2700D8E660 /* en */ = {isa = PBXFileReference; lastKnownFileType = text.plist.strings; name = en; path = en.lproj/InfoPlist.strings; sourceTree = "<group>"; };
		93299DAE18EBEA2700D8E660 /* main.m */ = {isa = PBXFileReference; lastKnownFileType = sourcecode.c.objc; path = main.m; sourceTree = "<group>"; };
		93299DB018EBEA2700D8E660 /* Coach Marks-Prefix.pch */ = {isa = PBXFileReference; lastKnownFileType = sourcecode.c.h; path = "Coach Marks-Prefix.pch"; sourceTree = "<group>"; };
		93299DB118EBEA2700D8E660 /* AppDelegate.h */ = {isa = PBXFileReference; lastKnownFileType = sourcecode.c.h; path = AppDelegate.h; sourceTree = "<group>"; };
		93299DB218EBEA2700D8E660 /* AppDelegate.m */ = {isa = PBXFileReference; lastKnownFileType = sourcecode.c.objc; path = AppDelegate.m; sourceTree = "<group>"; };
		93299DB518EBEA2700D8E660 /* Base */ = {isa = PBXFileReference; lastKnownFileType = file.storyboard; name = Base; path = Base.lproj/Main.storyboard; sourceTree = "<group>"; };
		93299DB718EBEA2700D8E660 /* ViewController.h */ = {isa = PBXFileReference; lastKnownFileType = sourcecode.c.h; path = ViewController.h; sourceTree = "<group>"; };
		93299DB818EBEA2700D8E660 /* ViewController.m */ = {isa = PBXFileReference; lastKnownFileType = sourcecode.c.objc; path = ViewController.m; sourceTree = "<group>"; };
		93299DBA18EBEA2700D8E660 /* Images.xcassets */ = {isa = PBXFileReference; lastKnownFileType = folder.assetcatalog; path = Images.xcassets; sourceTree = "<group>"; };
		93299DC018EBEA2700D8E660 /* Coach MarksTests.xctest */ = {isa = PBXFileReference; explicitFileType = wrapper.cfbundle; includeInIndex = 0; path = "Coach MarksTests.xctest"; sourceTree = BUILT_PRODUCTS_DIR; };
		93299DC118EBEA2700D8E660 /* XCTest.framework */ = {isa = PBXFileReference; lastKnownFileType = wrapper.framework; name = XCTest.framework; path = Library/Frameworks/XCTest.framework; sourceTree = DEVELOPER_DIR; };
		93299DC918EBEA2700D8E660 /* Coach MarksTests-Info.plist */ = {isa = PBXFileReference; lastKnownFileType = text.plist.xml; path = "Coach MarksTests-Info.plist"; sourceTree = "<group>"; };
		93299DCB18EBEA2700D8E660 /* en */ = {isa = PBXFileReference; lastKnownFileType = text.plist.strings; name = en; path = en.lproj/InfoPlist.strings; sourceTree = "<group>"; };
		93299DCD18EBEA2700D8E660 /* Coach_MarksTests.m */ = {isa = PBXFileReference; lastKnownFileType = sourcecode.c.objc; path = Coach_MarksTests.m; sourceTree = "<group>"; };
		935EE4BE18F07520001F039E /* DDBubble.h */ = {isa = PBXFileReference; fileEncoding = 4; lastKnownFileType = sourcecode.c.h; path = DDBubble.h; sourceTree = "<group>"; };
		935EE4BF18F07520001F039E /* DDBubble.m */ = {isa = PBXFileReference; fileEncoding = 4; lastKnownFileType = sourcecode.c.objc; path = DDBubble.m; sourceTree = "<group>"; };
		935EE4C018F07520001F039E /* DDCircleView.h */ = {isa = PBXFileReference; fileEncoding = 4; lastKnownFileType = sourcecode.c.h; path = DDCircleView.h; sourceTree = "<group>"; };
		935EE4C118F07520001F039E /* DDCircleView.m */ = {isa = PBXFileReference; fileEncoding = 4; lastKnownFileType = sourcecode.c.objc; path = DDCircleView.m; sourceTree = "<group>"; };
		935EE4C218F07520001F039E /* DDCoachMarksView.h */ = {isa = PBXFileReference; fileEncoding = 4; lastKnownFileType = sourcecode.c.h; path = DDCoachMarksView.h; sourceTree = "<group>"; };
		935EE4C318F07520001F039E /* DDCoachMarksView.m */ = {isa = PBXFileReference; fileEncoding = 4; lastKnownFileType = sourcecode.c.objc; path = DDCoachMarksView.m; sourceTree = "<group>"; };
		D77D5BFE1ED5C364009CFE31 /* Coach Marks-Bridging-Header.h */ = {isa = PBXFileReference; lastKnownFileType = sourcecode.c.h; path = "Coach Marks-Bridging-Header.h"; sourceTree = "<group>"; };
/* End PBXFileReference section */

/* Begin PBXFrameworksBuildPhase section */
		93299D9C18EBEA2600D8E660 /* Frameworks */ = {
			isa = PBXFrameworksBuildPhase;
			buildActionMask = 2147483647;
			files = (
				93299DA518EBEA2700D8E660 /* CoreGraphics.framework in Frameworks */,
				93299DA718EBEA2700D8E660 /* UIKit.framework in Frameworks */,
				93299DA318EBEA2700D8E660 /* Foundation.framework in Frameworks */,
			);
			runOnlyForDeploymentPostprocessing = 0;
		};
		93299DBD18EBEA2700D8E660 /* Frameworks */ = {
			isa = PBXFrameworksBuildPhase;
			buildActionMask = 2147483647;
			files = (
				93299DC218EBEA2700D8E660 /* XCTest.framework in Frameworks */,
				93299DC418EBEA2700D8E660 /* UIKit.framework in Frameworks */,
				93299DC318EBEA2700D8E660 /* Foundation.framework in Frameworks */,
			);
			runOnlyForDeploymentPostprocessing = 0;
		};
/* End PBXFrameworksBuildPhase section */

/* Begin PBXGroup section */
		93299D9618EBEA2600D8E660 = {
			isa = PBXGroup;
			children = (
				93299DA818EBEA2700D8E660 /* Coach Marks */,
				93299DC718EBEA2700D8E660 /* Coach MarksTests */,
				93299DA118EBEA2600D8E660 /* Frameworks */,
				93299DA018EBEA2600D8E660 /* Products */,
				D77D5BFE1ED5C364009CFE31 /* Coach Marks-Bridging-Header.h */,
			);
			sourceTree = "<group>";
		};
		93299DA018EBEA2600D8E660 /* Products */ = {
			isa = PBXGroup;
			children = (
				93299D9F18EBEA2600D8E660 /* Coach Marks.app */,
				93299DC018EBEA2700D8E660 /* Coach MarksTests.xctest */,
			);
			name = Products;
			sourceTree = "<group>";
		};
		93299DA118EBEA2600D8E660 /* Frameworks */ = {
			isa = PBXGroup;
			children = (
				93299DA218EBEA2700D8E660 /* Foundation.framework */,
				93299DA418EBEA2700D8E660 /* CoreGraphics.framework */,
				93299DA618EBEA2700D8E660 /* UIKit.framework */,
				93299DC118EBEA2700D8E660 /* XCTest.framework */,
			);
			name = Frameworks;
			sourceTree = "<group>";
		};
		93299DA818EBEA2700D8E660 /* Coach Marks */ = {
			isa = PBXGroup;
			children = (
				93299DB118EBEA2700D8E660 /* AppDelegate.h */,
				93299DB218EBEA2700D8E660 /* AppDelegate.m */,
				93299DB418EBEA2700D8E660 /* Main.storyboard */,
				93299DB718EBEA2700D8E660 /* ViewController.h */,
				93299DB818EBEA2700D8E660 /* ViewController.m */,
				935EE4BE18F07520001F039E /* DDBubble.h */,
				935EE4BF18F07520001F039E /* DDBubble.m */,
				935EE4C018F07520001F039E /* DDCircleView.h */,
				935EE4C118F07520001F039E /* DDCircleView.m */,
				935EE4C218F07520001F039E /* DDCoachMarksView.h */,
				935EE4C318F07520001F039E /* DDCoachMarksView.m */,
				93299DBA18EBEA2700D8E660 /* Images.xcassets */,
				93299DA918EBEA2700D8E660 /* Supporting Files */,
			);
			path = "Coach Marks";
			sourceTree = "<group>";
		};
		93299DA918EBEA2700D8E660 /* Supporting Files */ = {
			isa = PBXGroup;
			children = (
				93299DAA18EBEA2700D8E660 /* Coach Marks-Info.plist */,
				93299DAB18EBEA2700D8E660 /* InfoPlist.strings */,
				93299DAE18EBEA2700D8E660 /* main.m */,
				93299DB018EBEA2700D8E660 /* Coach Marks-Prefix.pch */,
			);
			name = "Supporting Files";
			sourceTree = "<group>";
		};
		93299DC718EBEA2700D8E660 /* Coach MarksTests */ = {
			isa = PBXGroup;
			children = (
				93299DCD18EBEA2700D8E660 /* Coach_MarksTests.m */,
				93299DC818EBEA2700D8E660 /* Supporting Files */,
			);
			path = "Coach MarksTests";
			sourceTree = "<group>";
		};
		93299DC818EBEA2700D8E660 /* Supporting Files */ = {
			isa = PBXGroup;
			children = (
				93299DC918EBEA2700D8E660 /* Coach MarksTests-Info.plist */,
				93299DCA18EBEA2700D8E660 /* InfoPlist.strings */,
			);
			name = "Supporting Files";
			sourceTree = "<group>";
		};
/* End PBXGroup section */

/* Begin PBXNativeTarget section */
		93299D9E18EBEA2600D8E660 /* Coach Marks */ = {
			isa = PBXNativeTarget;
			buildConfigurationList = 93299DD118EBEA2700D8E660 /* Build configuration list for PBXNativeTarget "Coach Marks" */;
			buildPhases = (
				93299D9B18EBEA2600D8E660 /* Sources */,
				93299D9C18EBEA2600D8E660 /* Frameworks */,
				93299D9D18EBEA2600D8E660 /* Resources */,
			);
			buildRules = (
			);
			dependencies = (
			);
			name = "Coach Marks";
			productName = "Coach Marks";
			productReference = 93299D9F18EBEA2600D8E660 /* Coach Marks.app */;
			productType = "com.apple.product-type.application";
		};
		93299DBF18EBEA2700D8E660 /* Coach MarksTests */ = {
			isa = PBXNativeTarget;
			buildConfigurationList = 93299DD418EBEA2700D8E660 /* Build configuration list for PBXNativeTarget "Coach MarksTests" */;
			buildPhases = (
				93299DBC18EBEA2700D8E660 /* Sources */,
				93299DBD18EBEA2700D8E660 /* Frameworks */,
				93299DBE18EBEA2700D8E660 /* Resources */,
			);
			buildRules = (
			);
			dependencies = (
				93299DC618EBEA2700D8E660 /* PBXTargetDependency */,
			);
			name = "Coach MarksTests";
			productName = "Coach MarksTests";
			productReference = 93299DC018EBEA2700D8E660 /* Coach MarksTests.xctest */;
			productType = "com.apple.product-type.bundle.unit-test";
		};
/* End PBXNativeTarget section */

/* Begin PBXProject section */
		93299D9718EBEA2600D8E660 /* Project object */ = {
			isa = PBXProject;
			attributes = {
				LastUpgradeCheck = 0820;
				ORGANIZATIONNAME = "Darin Doria";
				TargetAttributes = {
					93299D9E18EBEA2600D8E660 = {
						LastSwiftMigration = 0820;
					};
					93299DBF18EBEA2700D8E660 = {
						TestTargetID = 93299D9E18EBEA2600D8E660;
					};
				};
			};
			buildConfigurationList = 93299D9A18EBEA2600D8E660 /* Build configuration list for PBXProject "Coach Marks" */;
			compatibilityVersion = "Xcode 3.2";
			developmentRegion = English;
			hasScannedForEncodings = 0;
			knownRegions = (
				en,
				Base,
			);
			mainGroup = 93299D9618EBEA2600D8E660;
			productRefGroup = 93299DA018EBEA2600D8E660 /* Products */;
			projectDirPath = "";
			projectRoot = "";
			targets = (
				93299D9E18EBEA2600D8E660 /* Coach Marks */,
				93299DBF18EBEA2700D8E660 /* Coach MarksTests */,
			);
		};
/* End PBXProject section */

/* Begin PBXResourcesBuildPhase section */
		93299D9D18EBEA2600D8E660 /* Resources */ = {
			isa = PBXResourcesBuildPhase;
			buildActionMask = 2147483647;
			files = (
				93299DBB18EBEA2700D8E660 /* Images.xcassets in Resources */,
				93299DAD18EBEA2700D8E660 /* InfoPlist.strings in Resources */,
				93299DB618EBEA2700D8E660 /* Main.storyboard in Resources */,
			);
			runOnlyForDeploymentPostprocessing = 0;
		};
		93299DBE18EBEA2700D8E660 /* Resources */ = {
			isa = PBXResourcesBuildPhase;
			buildActionMask = 2147483647;
			files = (
				93299DCC18EBEA2700D8E660 /* InfoPlist.strings in Resources */,
			);
			runOnlyForDeploymentPostprocessing = 0;
		};
/* End PBXResourcesBuildPhase section */

/* Begin PBXSourcesBuildPhase section */
		93299D9B18EBEA2600D8E660 /* Sources */ = {
			isa = PBXSourcesBuildPhase;
			buildActionMask = 2147483647;
			files = (
				935EE4C618F07520001F039E /* DDCoachMarksView.m in Sources */,
				93299DB918EBEA2700D8E660 /* ViewController.m in Sources */,
				935EE4C418F07520001F039E /* DDBubble.m in Sources */,
				93299DB318EBEA2700D8E660 /* AppDelegate.m in Sources */,
				935EE4C518F07520001F039E /* DDCircleView.m in Sources */,
				93299DAF18EBEA2700D8E660 /* main.m in Sources */,
			);
			runOnlyForDeploymentPostprocessing = 0;
		};
		93299DBC18EBEA2700D8E660 /* Sources */ = {
			isa = PBXSourcesBuildPhase;
			buildActionMask = 2147483647;
			files = (
				93299DCE18EBEA2700D8E660 /* Coach_MarksTests.m in Sources */,
			);
			runOnlyForDeploymentPostprocessing = 0;
		};
/* End PBXSourcesBuildPhase section */

/* Begin PBXTargetDependency section */
		93299DC618EBEA2700D8E660 /* PBXTargetDependency */ = {
			isa = PBXTargetDependency;
			target = 93299D9E18EBEA2600D8E660 /* Coach Marks */;
			targetProxy = 93299DC518EBEA2700D8E660 /* PBXContainerItemProxy */;
		};
/* End PBXTargetDependency section */

/* Begin PBXVariantGroup section */
		93299DAB18EBEA2700D8E660 /* InfoPlist.strings */ = {
			isa = PBXVariantGroup;
			children = (
				93299DAC18EBEA2700D8E660 /* en */,
			);
			name = InfoPlist.strings;
			sourceTree = "<group>";
		};
		93299DB418EBEA2700D8E660 /* Main.storyboard */ = {
			isa = PBXVariantGroup;
			children = (
				93299DB518EBEA2700D8E660 /* Base */,
			);
			name = Main.storyboard;
			sourceTree = "<group>";
		};
		93299DCA18EBEA2700D8E660 /* InfoPlist.strings */ = {
			isa = PBXVariantGroup;
			children = (
				93299DCB18EBEA2700D8E660 /* en */,
			);
			name = InfoPlist.strings;
			sourceTree = "<group>";
		};
/* End PBXVariantGroup section */

/* Begin XCBuildConfiguration section */
		93299DCF18EBEA2700D8E660 /* Debug */ = {
			isa = XCBuildConfiguration;
			buildSettings = {
				ALWAYS_SEARCH_USER_PATHS = NO;
				CLANG_CXX_LANGUAGE_STANDARD = "gnu++0x";
				CLANG_CXX_LIBRARY = "libc++";
				CLANG_ENABLE_MODULES = YES;
				CLANG_ENABLE_OBJC_ARC = YES;
				CLANG_WARN_BOOL_CONVERSION = YES;
				CLANG_WARN_CONSTANT_CONVERSION = YES;
				CLANG_WARN_DIRECT_OBJC_ISA_USAGE = YES_ERROR;
				CLANG_WARN_EMPTY_BODY = YES;
				CLANG_WARN_ENUM_CONVERSION = YES;
				CLANG_WARN_INT_CONVERSION = YES;
				CLANG_WARN_OBJC_ROOT_CLASS = YES_ERROR;
				CLANG_WARN__DUPLICATE_METHOD_MATCH = YES;
				"CODE_SIGN_IDENTITY[sdk=iphoneos*]" = "iPhone Developer";
				COPY_PHASE_STRIP = NO;
				GCC_C_LANGUAGE_STANDARD = gnu99;
				GCC_DYNAMIC_NO_PIC = NO;
				GCC_OPTIMIZATION_LEVEL = 0;
				GCC_PREPROCESSOR_DEFINITIONS = (
					"DEBUG=1",
					"$(inherited)",
				);
				GCC_SYMBOLS_PRIVATE_EXTERN = NO;
				GCC_WARN_64_TO_32_BIT_CONVERSION = YES;
				GCC_WARN_ABOUT_RETURN_TYPE = YES_ERROR;
				GCC_WARN_UNDECLARED_SELECTOR = YES;
				GCC_WARN_UNINITIALIZED_AUTOS = YES_AGGRESSIVE;
				GCC_WARN_UNUSED_FUNCTION = YES;
				GCC_WARN_UNUSED_VARIABLE = YES;
				IPHONEOS_DEPLOYMENT_TARGET = 7.1;
				ONLY_ACTIVE_ARCH = YES;
				SDKROOT = iphoneos;
			};
			name = Debug;
		};
		93299DD018EBEA2700D8E660 /* Release */ = {
			isa = XCBuildConfiguration;
			buildSettings = {
				ALWAYS_SEARCH_USER_PATHS = NO;
				CLANG_CXX_LANGUAGE_STANDARD = "gnu++0x";
				CLANG_CXX_LIBRARY = "libc++";
				CLANG_ENABLE_MODULES = YES;
				CLANG_ENABLE_OBJC_ARC = YES;
				CLANG_WARN_BOOL_CONVERSION = YES;
				CLANG_WARN_CONSTANT_CONVERSION = YES;
				CLANG_WARN_DIRECT_OBJC_ISA_USAGE = YES_ERROR;
				CLANG_WARN_EMPTY_BODY = YES;
				CLANG_WARN_ENUM_CONVERSION = YES;
				CLANG_WARN_INT_CONVERSION = YES;
				CLANG_WARN_OBJC_ROOT_CLASS = YES_ERROR;
				CLANG_WARN__DUPLICATE_METHOD_MATCH = YES;
				"CODE_SIGN_IDENTITY[sdk=iphoneos*]" = "iPhone Developer";
				COPY_PHASE_STRIP = YES;
				ENABLE_NS_ASSERTIONS = NO;
				GCC_C_LANGUAGE_STANDARD = gnu99;
				GCC_WARN_64_TO_32_BIT_CONVERSION = YES;
				GCC_WARN_ABOUT_RETURN_TYPE = YES_ERROR;
				GCC_WARN_UNDECLARED_SELECTOR = YES;
				GCC_WARN_UNINITIALIZED_AUTOS = YES_AGGRESSIVE;
				GCC_WARN_UNUSED_FUNCTION = YES;
				GCC_WARN_UNUSED_VARIABLE = YES;
				IPHONEOS_DEPLOYMENT_TARGET = 7.1;
				SDKROOT = iphoneos;
				VALIDATE_PRODUCT = YES;
			};
			name = Release;
		};
		93299DD218EBEA2700D8E660 /* Debug */ = {
			isa = XCBuildConfiguration;
			buildSettings = {
				ASSETCATALOG_COMPILER_APPICON_NAME = AppIcon;
				ASSETCATALOG_COMPILER_LAUNCHIMAGE_NAME = LaunchImage;
				CLANG_ENABLE_MODULES = YES;
				GCC_PRECOMPILE_PREFIX_HEADER = YES;
				GCC_PREFIX_HEADER = "Coach Marks/Coach Marks-Prefix.pch";
				INFOPLIST_FILE = "Coach Marks/Coach Marks-Info.plist";
				LD_RUNPATH_SEARCH_PATHS = "$(inherited) @executable_path/Frameworks";
				PRODUCT_NAME = "$(TARGET_NAME)";
				SWIFT_OBJC_BRIDGING_HEADER = "Coach Marks-Bridging-Header.h";
				SWIFT_OPTIMIZATION_LEVEL = "-Onone";
				SWIFT_VERSION = 3.0;
				WRAPPER_EXTENSION = app;
			};
			name = Debug;
		};
		93299DD318EBEA2700D8E660 /* Release */ = {
			isa = XCBuildConfiguration;
			buildSettings = {
				ASSETCATALOG_COMPILER_APPICON_NAME = AppIcon;
				ASSETCATALOG_COMPILER_LAUNCHIMAGE_NAME = LaunchImage;
				CLANG_ENABLE_MODULES = YES;
				GCC_PRECOMPILE_PREFIX_HEADER = YES;
				GCC_PREFIX_HEADER = "Coach Marks/Coach Marks-Prefix.pch";
				INFOPLIST_FILE = "Coach Marks/Coach Marks-Info.plist";
				LD_RUNPATH_SEARCH_PATHS = "$(inherited) @executable_path/Frameworks";
				PRODUCT_NAME = "$(TARGET_NAME)";
				SWIFT_OBJC_BRIDGING_HEADER = "Coach Marks-Bridging-Header.h";
				SWIFT_VERSION = 3.0;
				WRAPPER_EXTENSION = app;
			};
			name = Release;
		};
		93299DD518EBEA2700D8E660 /* Debug */ = {
			isa = XCBuildConfiguration;
			buildSettings = {
				BUNDLE_LOADER = "$(BUILT_PRODUCTS_DIR)/Coach Marks.app/Coach Marks";
				FRAMEWORK_SEARCH_PATHS = (
					"$(SDKROOT)/Developer/Library/Frameworks",
					"$(inherited)",
					"$(DEVELOPER_FRAMEWORKS_DIR)",
				);
				GCC_PRECOMPILE_PREFIX_HEADER = YES;
				GCC_PREFIX_HEADER = "Coach Marks/Coach Marks-Prefix.pch";
				GCC_PREPROCESSOR_DEFINITIONS = (
					"DEBUG=1",
					"$(inherited)",
				);
				INFOPLIST_FILE = "Coach MarksTests/Coach MarksTests-Info.plist";
				PRODUCT_NAME = "$(TARGET_NAME)";
				TEST_HOST = "$(BUNDLE_LOADER)";
				WRAPPER_EXTENSION = xctest;
			};
			name = Debug;
		};
		93299DD618EBEA2700D8E660 /* Release */ = {
			isa = XCBuildConfiguration;
			buildSettings = {
				BUNDLE_LOADER = "$(BUILT_PRODUCTS_DIR)/Coach Marks.app/Coach Marks";
				FRAMEWORK_SEARCH_PATHS = (
					"$(SDKROOT)/Developer/Library/Frameworks",
					"$(inherited)",
					"$(DEVELOPER_FRAMEWORKS_DIR)",
				);
				GCC_PRECOMPILE_PREFIX_HEADER = YES;
				GCC_PREFIX_HEADER = "Coach Marks/Coach Marks-Prefix.pch";
				INFOPLIST_FILE = "Coach MarksTests/Coach MarksTests-Info.plist";
				PRODUCT_NAME = "$(TARGET_NAME)";
				TEST_HOST = "$(BUNDLE_LOADER)";
				WRAPPER_EXTENSION = xctest;
			};
			name = Release;
		};
/* End XCBuildConfiguration section */

/* Begin XCConfigurationList section */
		93299D9A18EBEA2600D8E660 /* Build configuration list for PBXProject "Coach Marks" */ = {
			isa = XCConfigurationList;
			buildConfigurations = (
				93299DCF18EBEA2700D8E660 /* Debug */,
				93299DD018EBEA2700D8E660 /* Release */,
			);
			defaultConfigurationIsVisible = 0;
			defaultConfigurationName = Release;
		};
		93299DD118EBEA2700D8E660 /* Build configuration list for PBXNativeTarget "Coach Marks" */ = {
			isa = XCConfigurationList;
			buildConfigurations = (
				93299DD218EBEA2700D8E660 /* Debug */,
				93299DD318EBEA2700D8E660 /* Release */,
			);
			defaultConfigurationIsVisible = 0;
			defaultConfigurationName = Release;
		};
		93299DD418EBEA2700D8E660 /* Build configuration list for PBXNativeTarget "Coach MarksTests" */ = {
			isa = XCConfigurationList;
			buildConfigurations = (
				93299DD518EBEA2700D8E660 /* Debug */,
				93299DD618EBEA2700D8E660 /* Release */,
			);
			defaultConfigurationIsVisible = 0;
			defaultConfigurationName = Release;
		};
/* End XCConfigurationList section */
	};
	rootObject = 93299D9718EBEA2600D8E660 /* Project object */;
}
